// !$*UTF8*$!
{
	archiveVersion = 1;
	classes = {
	};
	objectVersion = 46;
	objects = {

/* Begin PBXBuildFile section */
		64FA326B1C1EA8E3001A8F07 /* main.m in Sources */ = {isa = PBXBuildFile; fileRef = 64FA326A1C1EA8E3001A8F07 /* main.m */; };
		64FA326E1C1EA8E3001A8F07 /* AppDelegate.m in Sources */ = {isa = PBXBuildFile; fileRef = 64FA326D1C1EA8E3001A8F07 /* AppDelegate.m */; };
		64FA32711C1EA8E3001A8F07 /* ViewController.m in Sources */ = {isa = PBXBuildFile; fileRef = 64FA32701C1EA8E3001A8F07 /* ViewController.m */; };
		64FA32741C1EA8E3001A8F07 /* Main.storyboard in Resources */ = {isa = PBXBuildFile; fileRef = 64FA32721C1EA8E3001A8F07 /* Main.storyboard */; };
		64FA32761C1EA8E3001A8F07 /* Images.xcassets in Resources */ = {isa = PBXBuildFile; fileRef = 64FA32751C1EA8E3001A8F07 /* Images.xcassets */; };
		64FA32791C1EA8E3001A8F07 /* LaunchScreen.xib in Resources */ = {isa = PBXBuildFile; fileRef = 64FA32771C1EA8E3001A8F07 /* LaunchScreen.xib */; };
		64FA32851C1EA8E3001A8F07 /* testerTests.m in Sources */ = {isa = PBXBuildFile; fileRef = 64FA32841C1EA8E3001A8F07 /* testerTests.m */; };
/* End PBXBuildFile section */

/* Begin PBXContainerItemProxy section */
		64FA327F1C1EA8E3001A8F07 /* PBXContainerItemProxy */ = {
			isa = PBXContainerItemProxy;
			containerPortal = 64FA325D1C1EA8E3001A8F07 /* Project object */;
			proxyType = 1;
			remoteGlobalIDString = 64FA32641C1EA8E3001A8F07;
			remoteInfo = tester;
		};
/* End PBXContainerItemProxy section */

/* Begin PBXFileReference section */
		64FA32651C1EA8E3001A8F07 /* tester.app */ = {isa = PBXFileReference; explicitFileType = wrapper.application; includeInIndex = 0; path = tester.app; sourceTree = BUILT_PRODUCTS_DIR; };
		64FA32691C1EA8E3001A8F07 /* Info.plist */ = {isa = PBXFileReference; lastKnownFileType = text.plist.xml; path = Info.plist; sourceTree = "<group>"; };
		64FA326A1C1EA8E3001A8F07 /* main.m */ = {isa = PBXFileReference; lastKnownFileType = sourcecode.c.objc; path = main.m; sourceTree = "<group>"; };
		64FA326C1C1EA8E3001A8F07 /* AppDelegate.h */ = {isa = PBXFileReference; lastKnownFileType = sourcecode.c.h; path = AppDelegate.h; sourceTree = "<group>"; };
		64FA326D1C1EA8E3001A8F07 /* AppDelegate.m */ = {isa = PBXFileReference; lastKnownFileType = sourcecode.c.objc; path = AppDelegate.m; sourceTree = "<group>"; };
		64FA326F1C1EA8E3001A8F07 /* ViewController.h */ = {isa = PBXFileReference; lastKnownFileType = sourcecode.c.h; path = ViewController.h; sourceTree = "<group>"; };
		64FA32701C1EA8E3001A8F07 /* ViewController.m */ = {isa = PBXFileReference; lastKnownFileType = sourcecode.c.objc; path = ViewController.m; sourceTree = "<group>"; };
		64FA32731C1EA8E3001A8F07 /* Base */ = {isa = PBXFileReference; lastKnownFileType = file.storyboard; name = Base; path = Base.lproj/Main.storyboard; sourceTree = "<group>"; };
		64FA32751C1EA8E3001A8F07 /* Images.xcassets */ = {isa = PBXFileReference; lastKnownFileType = folder.assetcatalog; path = Images.xcassets; sourceTree = "<group>"; };
		64FA32781C1EA8E3001A8F07 /* Base */ = {isa = PBXFileReference; lastKnownFileType = file.xib; name = Base; path = Base.lproj/LaunchScreen.xib; sourceTree = "<group>"; };
		64FA327E1C1EA8E3001A8F07 /* testerTests.xctest */ = {isa = PBXFileReference; explicitFileType = wrapper.cfbundle; includeInIndex = 0; path = testerTests.xctest; sourceTree = BUILT_PRODUCTS_DIR; };
		64FA32831C1EA8E3001A8F07 /* Info.plist */ = {isa = PBXFileReference; lastKnownFileType = text.plist.xml; path = Info.plist; sourceTree = "<group>"; };
		64FA32841C1EA8E3001A8F07 /* testerTests.m */ = {isa = PBXFileReference; lastKnownFileType = sourcecode.c.objc; path = testerTests.m; sourceTree = "<group>"; };
/* End PBXFileReference section */

/* Begin PBXFrameworksBuildPhase section */
		64FA32621C1EA8E3001A8F07 /* Frameworks */ = {
			isa = PBXFrameworksBuildPhase;
			buildActionMask = 2147483647;
			files = (
			);
			runOnlyForDeploymentPostprocessing = 0;
		};
		64FA327B1C1EA8E3001A8F07 /* Frameworks */ = {
			isa = PBXFrameworksBuildPhase;
			buildActionMask = 2147483647;
			files = (
			);
			runOnlyForDeploymentPostprocessing = 0;
		};
/* End PBXFrameworksBuildPhase section */

/* Begin PBXGroup section */
		64FA325C1C1EA8E3001A8F07 = {
			isa = PBXGroup;
			children = (
				64FA32671C1EA8E3001A8F07 /* tester */,
				64FA32811C1EA8E3001A8F07 /* testerTests */,
				64FA32661C1EA8E3001A8F07 /* Products */,
			);
			sourceTree = "<group>";
		};
		64FA32661C1EA8E3001A8F07 /* Products */ = {
			isa = PBXGroup;
			children = (
				64FA32651C1EA8E3001A8F07 /* tester.app */,
				64FA327E1C1EA8E3001A8F07 /* testerTests.xctest */,
			);
			name = Products;
			sourceTree = "<group>";
		};
		64FA32671C1EA8E3001A8F07 /* tester */ = {
			isa = PBXGroup;
			children = (
				64FA326C1C1EA8E3001A8F07 /* AppDelegate.h */,
				64FA326D1C1EA8E3001A8F07 /* AppDelegate.m */,
				64FA326F1C1EA8E3001A8F07 /* ViewController.h */,
				64FA32701C1EA8E3001A8F07 /* ViewController.m */,
				64FA32721C1EA8E3001A8F07 /* Main.storyboard */,
				64FA32751C1EA8E3001A8F07 /* Images.xcassets */,
				64FA32771C1EA8E3001A8F07 /* LaunchScreen.xib */,
				64FA32681C1EA8E3001A8F07 /* Supporting Files */,
			);
			path = tester;
			sourceTree = "<group>";
		};
		64FA32681C1EA8E3001A8F07 /* Supporting Files */ = {
			isa = PBXGroup;
			children = (
				64FA32691C1EA8E3001A8F07 /* Info.plist */,
				64FA326A1C1EA8E3001A8F07 /* main.m */,
			);
			name = "Supporting Files";
			sourceTree = "<group>";
		};
		64FA32811C1EA8E3001A8F07 /* testerTests */ = {
			isa = PBXGroup;
			children = (
				64FA32841C1EA8E3001A8F07 /* testerTests.m */,
				64FA32821C1EA8E3001A8F07 /* Supporting Files */,
			);
			path = testerTests;
			sourceTree = "<group>";
		};
		64FA32821C1EA8E3001A8F07 /* Supporting Files */ = {
			isa = PBXGroup;
			children = (
				64FA32831C1EA8E3001A8F07 /* Info.plist */,
			);
			name = "Supporting Files";
			sourceTree = "<group>";
		};
/* End PBXGroup section */

/* Begin PBXNativeTarget section */
		64FA32641C1EA8E3001A8F07 /* tester */ = {
			isa = PBXNativeTarget;
			buildConfigurationList = 64FA32881C1EA8E3001A8F07 /* Build configuration list for PBXNativeTarget "tester" */;
			buildPhases = (
				64FA32611C1EA8E3001A8F07 /* Sources */,
				64FA32621C1EA8E3001A8F07 /* Frameworks */,
				64FA32631C1EA8E3001A8F07 /* Resources */,
			);
			buildRules = (
			);
			dependencies = (
			);
			name = tester;
			productName = tester;
			productReference = 64FA32651C1EA8E3001A8F07 /* tester.app */;
			productType = "com.apple.product-type.application";
		};
		64FA327D1C1EA8E3001A8F07 /* testerTests */ = {
			isa = PBXNativeTarget;
			buildConfigurationList = 64FA328B1C1EA8E3001A8F07 /* Build configuration list for PBXNativeTarget "testerTests" */;
			buildPhases = (
				64FA327A1C1EA8E3001A8F07 /* Sources */,
				64FA327B1C1EA8E3001A8F07 /* Frameworks */,
				64FA327C1C1EA8E3001A8F07 /* Resources */,
			);
			buildRules = (
			);
			dependencies = (
				64FA32801C1EA8E3001A8F07 /* PBXTargetDependency */,
			);
			name = testerTests;
			productName = testerTests;
			productReference = 64FA327E1C1EA8E3001A8F07 /* testerTests.xctest */;
			productType = "com.apple.product-type.bundle.unit-test";
		};
/* End PBXNativeTarget section */

/* Begin PBXProject section */
		64FA325D1C1EA8E3001A8F07 /* Project object */ = {
			isa = PBXProject;
			attributes = {
				LastUpgradeCheck = 0640;
				ORGANIZATIONNAME = CTS;
				TargetAttributes = {
					64FA32641C1EA8E3001A8F07 = {
						CreatedOnToolsVersion = 6.4;
					};
					64FA327D1C1EA8E3001A8F07 = {
						CreatedOnToolsVersion = 6.4;
						TestTargetID = 64FA32641C1EA8E3001A8F07;
					};
				};
			};
			buildConfigurationList = 64FA32601C1EA8E3001A8F07 /* Build configuration list for PBXProject "tester" */;
			compatibilityVersion = "Xcode 3.2";
			developmentRegion = English;
			hasScannedForEncodings = 0;
			knownRegions = (
				en,
				Base,
			);
			mainGroup = 64FA325C1C1EA8E3001A8F07;
			productRefGroup = 64FA32661C1EA8E3001A8F07 /* Products */;
			projectDirPath = "";
			projectRoot = "";
			targets = (
				64FA32641C1EA8E3001A8F07 /* tester */,
				64FA327D1C1EA8E3001A8F07 /* testerTests */,
			);
		};
/* End PBXProject section */

/* Begin PBXResourcesBuildPhase section */
		64FA32631C1EA8E3001A8F07 /* Resources */ = {
			isa = PBXResourcesBuildPhase;
			buildActionMask = 2147483647;
			files = (
				64FA32741C1EA8E3001A8F07 /* Main.storyboard in Resources */,
				64FA32791C1EA8E3001A8F07 /* LaunchScreen.xib in Resources */,
				64FA32761C1EA8E3001A8F07 /* Images.xcassets in Resources */,
			);
			runOnlyForDeploymentPostprocessing = 0;
		};
		64FA327C1C1EA8E3001A8F07 /* Resources */ = {
			isa = PBXResourcesBuildPhase;
			buildActionMask = 2147483647;
			files = (
			);
			runOnlyForDeploymentPostprocessing = 0;
		};
/* End PBXResourcesBuildPhase section */

/* Begin PBXSourcesBuildPhase section */
		64FA32611C1EA8E3001A8F07 /* Sources */ = {
			isa = PBXSourcesBuildPhase;
			buildActionMask = 2147483647;
			files = (
				64FA32711C1EA8E3001A8F07 /* ViewController.m in Sources */,
				64FA326E1C1EA8E3001A8F07 /* AppDelegate.m in Sources */,
				64FA326B1C1EA8E3001A8F07 /* main.m in Sources */,
			);
			runOnlyForDeploymentPostprocessing = 0;
		};
		64FA327A1C1EA8E3001A8F07 /* Sources */ = {
			isa = PBXSourcesBuildPhase;
			buildActionMask = 2147483647;
			files = (
				64FA32851C1EA8E3001A8F07 /* testerTests.m in Sources */,
			);
			runOnlyForDeploymentPostprocessing = 0;
		};
/* End PBXSourcesBuildPhase section */

/* Begin PBXTargetDependency section */
		64FA32801C1EA8E3001A8F07 /* PBXTargetDependency */ = {
			isa = PBXTargetDependency;
			target = 64FA32641C1EA8E3001A8F07 /* tester */;
			targetProxy = 64FA327F1C1EA8E3001A8F07 /* PBXContainerItemProxy */;
		};
/* End PBXTargetDependency section */

/* Begin PBXVariantGroup section */
		64FA32721C1EA8E3001A8F07 /* Main.storyboard */ = {
			isa = PBXVariantGroup;
			children = (
				64FA32731C1EA8E3001A8F07 /* Base */,
			);
			name = Main.storyboard;
			sourceTree = "<group>";
		};
		64FA32771C1EA8E3001A8F07 /* LaunchScreen.xib */ = {
			isa = PBXVariantGroup;
			children = (
				64FA32781C1EA8E3001A8F07 /* Base */,
			);
			name = LaunchScreen.xib;
			sourceTree = "<group>";
		};
/* End PBXVariantGroup section */

/* Begin XCBuildConfiguration section */
		64FA32861C1EA8E3001A8F07 /* Debug */ = {
			isa = XCBuildConfiguration;
			buildSettings = {
				ALWAYS_SEARCH_USER_PATHS = NO;
				CLANG_CXX_LANGUAGE_STANDARD = "gnu++0x";
				CLANG_CXX_LIBRARY = "libc++";
				CLANG_ENABLE_MODULES = YES;
				CLANG_ENABLE_OBJC_ARC = YES;
				CLANG_WARN_BOOL_CONVERSION = YES;
				CLANG_WARN_CONSTANT_CONVERSION = YES;
				CLANG_WARN_DIRECT_OBJC_ISA_USAGE = YES_ERROR;
				CLANG_WARN_EMPTY_BODY = YES;
				CLANG_WARN_ENUM_CONVERSION = YES;
				CLANG_WARN_INT_CONVERSION = YES;
				CLANG_WARN_OBJC_ROOT_CLASS = YES_ERROR;
				CLANG_WARN_UNREACHABLE_CODE = YES;
				CLANG_WARN__DUPLICATE_METHOD_MATCH = YES;
				"CODE_SIGN_IDENTITY[sdk=iphoneos*]" = "iPhone Developer";
				COPY_PHASE_STRIP = NO;
				DEBUG_INFORMATION_FORMAT = "dwarf-with-dsym";
				ENABLE_STRICT_OBJC_MSGSEND = YES;
				GCC_C_LANGUAGE_STANDARD = gnu99;
				GCC_DYNAMIC_NO_PIC = NO;
				GCC_NO_COMMON_BLOCKS = YES;
				GCC_OPTIMIZATION_LEVEL = 0;
				GCC_PREPROCESSOR_DEFINITIONS = (
					"DEBUG=1",
					"$(inherited)",
				);
				GCC_SYMBOLS_PRIVATE_EXTERN = NO;
				GCC_WARN_64_TO_32_BIT_CONVERSION = YES;
				GCC_WARN_ABOUT_RETURN_TYPE = YES_ERROR;
				GCC_WARN_UNDECLARED_SELECTOR = YES;
				GCC_WARN_UNINITIALIZED_AUTOS = YES_AGGRESSIVE;
				GCC_WARN_UNUSED_FUNCTION = YES;
				GCC_WARN_UNUSED_VARIABLE = YES;
				IPHONEOS_DEPLOYMENT_TARGET = 8.4;
				MTL_ENABLE_DEBUG_INFO = YES;
				ONLY_ACTIVE_ARCH = YES;
				SDKROOT = iphoneos;
			};
			name = Debug;
		};
		64FA32871C1EA8E3001A8F07 /* Release */ = {
			isa = XCBuildConfiguration;
			buildSettings = {
				ALWAYS_SEARCH_USER_PATHS = NO;
				CLANG_CXX_LANGUAGE_STANDARD = "gnu++0x";
				CLANG_CXX_LIBRARY = "libc++";
				CLANG_ENABLE_MODULES = YES;
				CLANG_ENABLE_OBJC_ARC = YES;
				CLANG_WARN_BOOL_CONVERSION = YES;
				CLANG_WARN_CONSTANT_CONVERSION = YES;
				CLANG_WARN_DIRECT_OBJC_ISA_USAGE = YES_ERROR;
				CLANG_WARN_EMPTY_BODY = YES;
				CLANG_WARN_ENUM_CONVERSION = YES;
				CLANG_WARN_INT_CONVERSION = YES;
				CLANG_WARN_OBJC_ROOT_CLASS = YES_ERROR;
				CLANG_WARN_UNREACHABLE_CODE = YES;
				CLANG_WARN__DUPLICATE_METHOD_MATCH = YES;
				"CODE_SIGN_IDENTITY[sdk=iphoneos*]" = "iPhone Developer";
				COPY_PHASE_STRIP = NO;
				DEBUG_INFORMATION_FORMAT = "dwarf-with-dsym";
				ENABLE_NS_ASSERTIONS = NO;
				ENABLE_STRICT_OBJC_MSGSEND = YES;
				GCC_C_LANGUAGE_STANDARD = gnu99;
				GCC_NO_COMMON_BLOCKS = YES;
				GCC_WARN_64_TO_32_BIT_CONVERSION = YES;
				GCC_WARN_ABOUT_RETURN_TYPE = YES_ERROR;
				GCC_WARN_UNDECLARED_SELECTOR = YES;
				GCC_WARN_UNINITIALIZED_AUTOS = YES_AGGRESSIVE;
				GCC_WARN_UNUSED_FUNCTION = YES;
				GCC_WARN_UNUSED_VARIABLE = YES;
				IPHONEOS_DEPLOYMENT_TARGET = 8.4;
				MTL_ENABLE_DEBUG_INFO = NO;
				SDKROOT = iphoneos;
				VALIDATE_PRODUCT = YES;
			};
			name = Release;
		};
		64FA32891C1EA8E3001A8F07 /* Debug */ = {
			isa = XCBuildConfiguration;
			buildSettings = {
				ASSETCATALOG_COMPILER_APPICON_NAME = AppIcon;
				INFOPLIST_FILE = tester/Info.plist;
				LD_RUNPATH_SEARCH_PATHS = "$(inherited) @executable_path/Frameworks";
				PRODUCT_NAME = "$(TARGET_NAME)";
			};
			name = Debug;
		};
		64FA328A1C1EA8E3001A8F07 /* Release */ = {
			isa = XCBuildConfiguration;
			buildSettings = {
				ASSETCATALOG_COMPILER_APPICON_NAME = AppIcon;
				INFOPLIST_FILE = tester/Info.plist;
				LD_RUNPATH_SEARCH_PATHS = "$(inherited) @executable_path/Frameworks";
				PRODUCT_NAME = "$(TARGET_NAME)";
			};
			name = Release;
		};
		64FA328C1C1EA8E3001A8F07 /* Debug */ = {
			isa = XCBuildConfiguration;
			buildSettings = {
				BUNDLE_LOADER = "$(TEST_HOST)";
				FRAMEWORK_SEARCH_PATHS = (
					"$(SDKROOT)/Developer/Library/Frameworks",
					"$(inherited)",
				);
				GCC_PREPROCESSOR_DEFINITIONS = (
					"DEBUG=1",
					"$(inherited)",
				);
				INFOPLIST_FILE = testerTests/Info.plist;
				LD_RUNPATH_SEARCH_PATHS = "$(inherited) @executable_path/Frameworks @loader_path/Frameworks";
				PRODUCT_NAME = "$(TARGET_NAME)";
				TEST_HOST = "$(BUILT_PRODUCTS_DIR)/tester.app/tester";
			};
			name = Debug;
		};
		64FA328D1C1EA8E3001A8F07 /* Release */ = {
			isa = XCBuildConfiguration;
			buildSettings = {
				BUNDLE_LOADER = "$(TEST_HOST)";
				FRAMEWORK_SEARCH_PATHS = (
					"$(SDKROOT)/Developer/Library/Frameworks",
					"$(inherited)",
				);
				INFOPLIST_FILE = testerTests/Info.plist;
				LD_RUNPATH_SEARCH_PATHS = "$(inherited) @executable_path/Frameworks @loader_path/Frameworks";
				PRODUCT_NAME = "$(TARGET_NAME)";
				TEST_HOST = "$(BUILT_PRODUCTS_DIR)/tester.app/tester";
			};
			name = Release;
		};
/* End XCBuildConfiguration section */

/* Begin XCConfigurationList section */
		64FA32601C1EA8E3001A8F07 /* Build configuration list for PBXProject "tester" */ = {
			isa = XCConfigurationList;
			buildConfigurations = (
				64FA32861C1EA8E3001A8F07 /* Debug */,
				64FA32871C1EA8E3001A8F07 /* Release */,
			);
			defaultConfigurationIsVisible = 0;
			defaultConfigurationName = Release;
		};
		64FA32881C1EA8E3001A8F07 /* Build configuration list for PBXNativeTarget "tester" */ = {
			isa = XCConfigurationList;
			buildConfigurations = (
				64FA32891C1EA8E3001A8F07 /* Debug */,
				64FA328A1C1EA8E3001A8F07 /* Release */,
			);
			defaultConfigurationIsVisible = 0;
		};
		64FA328B1C1EA8E3001A8F07 /* Build configuration list for PBXNativeTarget "testerTests" */ = {
			isa = XCConfigurationList;
			buildConfigurations = (
				64FA328C1C1EA8E3001A8F07 /* Debug */,
				64FA328D1C1EA8E3001A8F07 /* Release */,
			);
			defaultConfigurationIsVisible = 0;
		};
/* End XCConfigurationList section */
	};
	rootObject = 64FA325D1C1EA8E3001A8F07 /* Project object */;
}
